
Microsoft Visual Studio Solution File, Format Version 12.00
# Visual Studio Version 17
VisualStudioVersion = 17.5.002.0
MinimumVisualStudioVersion = 10.0.40219.1
Project("{9A19103F-16F7-4668-BE54-9A1E7A4F7556}") = "ProAtividade.API", "ProAtividade.API.csproj", "{E99EBB94-99EE-4B40-99F0-6DEE24C6E97B}"
EndProject
Global
	GlobalSection(SolutionConfigurationPlatforms) = preSolution
		Debug|Any CPU = Debug|Any CPU
		Release|Any CPU = Release|Any CPU
	EndGlobalSection
	GlobalSection(ProjectConfigurationPlatforms) = postSolution
		{E99EBB94-99EE-4B40-99F0-6DEE24C6E97B}.Debug|Any CPU.ActiveCfg = Debug|Any CPU
		{E99EBB94-99EE-4B40-99F0-6DEE24C6E97B}.Debug|Any CPU.Build.0 = Debug|Any CPU
		{E99EBB94-99EE-4B40-99F0-6DEE24C6E97B}.Release|Any CPU.ActiveCfg = Release|Any CPU
		{E99EBB94-99EE-4B40-99F0-6DEE24C6E97B}.Release|Any CPU.Build.0 = Release|Any CPU
	EndGlobalSection
	GlobalSection(SolutionProperties) = preSolution
		HideSolutionNode = FALSE
	EndGlobalSection
	GlobalSection(ExtensibilityGlobals) = postSolution
		SolutionGuid = {3A33AE2D-85BE-48B7-9D79-6927E79E2819}
	EndGlobalSection
EndGlobal
